
Microsoft Visual Studio Solution File, Format Version 12.00
# Visual Studio Version 17
VisualStudioVersion = 17.0.31903.59
MinimumVisualStudioVersion = 10.0.40219.1
Project("{FAE04EC0-301F-11D3-BF4B-00C04F79EFBC}") = "ErpProject", "ErpProject\ErpProject.csproj", "{BF164F17-0EF2-48C2-85C2-DB64F1D8E330}"
EndProject
Project("{2150E333-8FDC-42A3-9474-1A3956D46DE8}") = "Employees", "Employees", "{46852E6A-D005-03A7-324D-A9CB2243133D}"
EndProject
Project("{FAE04EC0-301F-11D3-BF4B-00C04F79EFBC}") = "Employees.Api", "Employees\Employees.Api\Employees.Api.csproj", "{7F6B89BD-1F6B-4DF1-B0B4-FA0AA0AEEF0B}"
EndProject
Project("{FAE04EC0-301F-11D3-BF4B-00C04F79EFBC}") = "Employees.Domain", "Employees\Employees.Domain\Employees.Domain.csproj", "{1F393984-E2E9-4258-AB4E-1EA145EC6E70}"
EndProject
Project("{FAE04EC0-301F-11D3-BF4B-00C04F79EFBC}") = "Employees.Infrastructure", "Employees\Employees.Infrastructure\Employees.Infrastructure.csproj", "{14F4DFAD-B5BC-459E-B711-77DA86691D4A}"
EndProject
Project("{FAE04EC0-301F-11D3-BF4B-00C04F79EFBC}") = "Employees.Core", "Employees\Employees.Core\Employees.Core.csproj", "{91BF00EC-5BB4-4EDE-8BA2-1ED1DA0B0554}"
EndProject
Project("{FAE04EC0-301F-11D3-BF4B-00C04F79EFBC}") = "Employees.Shared", "Employees\Employees.Shared\Employees.Shared.csproj", "{785528BA-40B9-4E32-9B0A-1EEAFFD9EF5C}"
EndProject
Project("{FAE04EC0-301F-11D3-BF4B-00C04F79EFBC}") = "Employees.BackgroundServices", "Employees\Employees.BackgroundServices\Employees.BackgroundServices.csproj", "{0CDA2F11-DDB7-442F-BB43-FD1C4BF9B6D7}"
EndProject
Global
	GlobalSection(SolutionConfigurationPlatforms) = preSolution
		Debug|Any CPU = Debug|Any CPU
		Debug|x64 = Debug|x64
		Debug|x86 = Debug|x86
		Release|Any CPU = Release|Any CPU
		Release|x64 = Release|x64
		Release|x86 = Release|x86
	EndGlobalSection
	GlobalSection(ProjectConfigurationPlatforms) = postSolution
		{BF164F17-0EF2-48C2-85C2-DB64F1D8E330}.Debug|Any CPU.ActiveCfg = Debug|Any CPU
		{BF164F17-0EF2-48C2-85C2-DB64F1D8E330}.Debug|Any CPU.Build.0 = Debug|Any CPU
		{BF164F17-0EF2-48C2-85C2-DB64F1D8E330}.Debug|x64.ActiveCfg = Debug|Any CPU
		{BF164F17-0EF2-48C2-85C2-DB64F1D8E330}.Debug|x64.Build.0 = Debug|Any CPU
		{BF164F17-0EF2-48C2-85C2-DB64F1D8E330}.Debug|x86.ActiveCfg = Debug|Any CPU
		{BF164F17-0EF2-48C2-85C2-DB64F1D8E330}.Debug|x86.Build.0 = Debug|Any CPU
		{BF164F17-0EF2-48C2-85C2-DB64F1D8E330}.Release|Any CPU.ActiveCfg = Release|Any CPU
		{BF164F17-0EF2-48C2-85C2-DB64F1D8E330}.Release|Any CPU.Build.0 = Release|Any CPU
		{BF164F17-0EF2-48C2-85C2-DB64F1D8E330}.Release|x64.ActiveCfg = Release|Any CPU
		{BF164F17-0EF2-48C2-85C2-DB64F1D8E330}.Release|x64.Build.0 = Release|Any CPU
		{BF164F17-0EF2-48C2-85C2-DB64F1D8E330}.Release|x86.ActiveCfg = Release|Any CPU
		{BF164F17-0EF2-48C2-85C2-DB64F1D8E330}.Release|x86.Build.0 = Release|Any CPU
		{7F6B89BD-1F6B-4DF1-B0B4-FA0AA0AEEF0B}.Debug|Any CPU.ActiveCfg = Debug|Any CPU
		{7F6B89BD-1F6B-4DF1-B0B4-FA0AA0AEEF0B}.Debug|Any CPU.Build.0 = Debug|Any CPU
		{7F6B89BD-1F6B-4DF1-B0B4-FA0AA0AEEF0B}.Debug|x64.ActiveCfg = Debug|Any CPU
		{7F6B89BD-1F6B-4DF1-B0B4-FA0AA0AEEF0B}.Debug|x64.Build.0 = Debug|Any CPU
		{7F6B89BD-1F6B-4DF1-B0B4-FA0AA0AEEF0B}.Debug|x86.ActiveCfg = Debug|Any CPU
		{7F6B89BD-1F6B-4DF1-B0B4-FA0AA0AEEF0B}.Debug|x86.Build.0 = Debug|Any CPU
		{7F6B89BD-1F6B-4DF1-B0B4-FA0AA0AEEF0B}.Release|Any CPU.ActiveCfg = Release|Any CPU
		{7F6B89BD-1F6B-4DF1-B0B4-FA0AA0AEEF0B}.Release|Any CPU.Build.0 = Release|Any CPU
		{7F6B89BD-1F6B-4DF1-B0B4-FA0AA0AEEF0B}.Release|x64.ActiveCfg = Release|Any CPU
		{7F6B89BD-1F6B-4DF1-B0B4-FA0AA0AEEF0B}.Release|x64.Build.0 = Release|Any CPU
		{7F6B89BD-1F6B-4DF1-B0B4-FA0AA0AEEF0B}.Release|x86.ActiveCfg = Release|Any CPU
		{7F6B89BD-1F6B-4DF1-B0B4-FA0AA0AEEF0B}.Release|x86.Build.0 = Release|Any CPU
		{1F393984-E2E9-4258-AB4E-1EA145EC6E70}.Debug|Any CPU.ActiveCfg = Debug|Any CPU
		{1F393984-E2E9-4258-AB4E-1EA145EC6E70}.Debug|Any CPU.Build.0 = Debug|Any CPU
		{1F393984-E2E9-4258-AB4E-1EA145EC6E70}.Debug|x64.ActiveCfg = Debug|Any CPU
		{1F393984-E2E9-4258-AB4E-1EA145EC6E70}.Debug|x64.Build.0 = Debug|Any CPU
		{1F393984-E2E9-4258-AB4E-1EA145EC6E70}.Debug|x86.ActiveCfg = Debug|Any CPU
		{1F393984-E2E9-4258-AB4E-1EA145EC6E70}.Debug|x86.Build.0 = Debug|Any CPU
		{1F393984-E2E9-4258-AB4E-1EA145EC6E70}.Release|Any CPU.ActiveCfg = Release|Any CPU
		{1F393984-E2E9-4258-AB4E-1EA145EC6E70}.Release|Any CPU.Build.0 = Release|Any CPU
		{1F393984-E2E9-4258-AB4E-1EA145EC6E70}.Release|x64.ActiveCfg = Release|Any CPU
		{1F393984-E2E9-4258-AB4E-1EA145EC6E70}.Release|x64.Build.0 = Release|Any CPU
		{1F393984-E2E9-4258-AB4E-1EA145EC6E70}.Release|x86.ActiveCfg = Release|Any CPU
		{1F393984-E2E9-4258-AB4E-1EA145EC6E70}.Release|x86.Build.0 = Release|Any CPU
		{14F4DFAD-B5BC-459E-B711-77DA86691D4A}.Debug|Any CPU.ActiveCfg = Debug|Any CPU
		{14F4DFAD-B5BC-459E-B711-77DA86691D4A}.Debug|Any CPU.Build.0 = Debug|Any CPU
		{14F4DFAD-B5BC-459E-B711-77DA86691D4A}.Debug|x64.ActiveCfg = Debug|Any CPU
		{14F4DFAD-B5BC-459E-B711-77DA86691D4A}.Debug|x64.Build.0 = Debug|Any CPU
		{14F4DFAD-B5BC-459E-B711-77DA86691D4A}.Debug|x86.ActiveCfg = Debug|Any CPU
		{14F4DFAD-B5BC-459E-B711-77DA86691D4A}.Debug|x86.Build.0 = Debug|Any CPU
		{14F4DFAD-B5BC-459E-B711-77DA86691D4A}.Release|Any CPU.ActiveCfg = Release|Any CPU
		{14F4DFAD-B5BC-459E-B711-77DA86691D4A}.Release|Any CPU.Build.0 = Release|Any CPU
		{14F4DFAD-B5BC-459E-B711-77DA86691D4A}.Release|x64.ActiveCfg = Release|Any CPU
		{14F4DFAD-B5BC-459E-B711-77DA86691D4A}.Release|x64.Build.0 = Release|Any CPU
		{14F4DFAD-B5BC-459E-B711-77DA86691D4A}.Release|x86.ActiveCfg = Release|Any CPU
		{14F4DFAD-B5BC-459E-B711-77DA86691D4A}.Release|x86.Build.0 = Release|Any CPU
		{91BF00EC-5BB4-4EDE-8BA2-1ED1DA0B0554}.Debug|Any CPU.ActiveCfg = Debug|Any CPU
		{91BF00EC-5BB4-4EDE-8BA2-1ED1DA0B0554}.Debug|Any CPU.Build.0 = Debug|Any CPU
		{91BF00EC-5BB4-4EDE-8BA2-1ED1DA0B0554}.Debug|x64.ActiveCfg = Debug|Any CPU
		{91BF00EC-5BB4-4EDE-8BA2-1ED1DA0B0554}.Debug|x64.Build.0 = Debug|Any CPU
		{91BF00EC-5BB4-4EDE-8BA2-1ED1DA0B0554}.Debug|x86.ActiveCfg = Debug|Any CPU
		{91BF00EC-5BB4-4EDE-8BA2-1ED1DA0B0554}.Debug|x86.Build.0 = Debug|Any CPU
		{91BF00EC-5BB4-4EDE-8BA2-1ED1DA0B0554}.Release|Any CPU.ActiveCfg = Release|Any CPU
		{91BF00EC-5BB4-4EDE-8BA2-1ED1DA0B0554}.Release|Any CPU.Build.0 = Release|Any CPU
		{91BF00EC-5BB4-4EDE-8BA2-1ED1DA0B0554}.Release|x64.ActiveCfg = Release|Any CPU
		{91BF00EC-5BB4-4EDE-8BA2-1ED1DA0B0554}.Release|x64.Build.0 = Release|Any CPU
		{91BF00EC-5BB4-4EDE-8BA2-1ED1DA0B0554}.Release|x86.ActiveCfg = Release|Any CPU
		{91BF00EC-5BB4-4EDE-8BA2-1ED1DA0B0554}.Release|x86.Build.0 = Release|Any CPU
		{785528BA-40B9-4E32-9B0A-1EEAFFD9EF5C}.Debug|Any CPU.ActiveCfg = Debug|Any CPU
		{785528BA-40B9-4E32-9B0A-1EEAFFD9EF5C}.Debug|Any CPU.Build.0 = Debug|Any CPU
		{785528BA-40B9-4E32-9B0A-1EEAFFD9EF5C}.Debug|x64.ActiveCfg = Debug|Any CPU
		{785528BA-40B9-4E32-9B0A-1EEAFFD9EF5C}.Debug|x64.Build.0 = Debug|Any CPU
		{785528BA-40B9-4E32-9B0A-1EEAFFD9EF5C}.Debug|x86.ActiveCfg = Debug|Any CPU
		{785528BA-40B9-4E32-9B0A-1EEAFFD9EF5C}.Debug|x86.Build.0 = Debug|Any CPU
		{785528BA-40B9-4E32-9B0A-1EEAFFD9EF5C}.Release|Any CPU.ActiveCfg = Release|Any CPU
		{785528BA-40B9-4E32-9B0A-1EEAFFD9EF5C}.Release|Any CPU.Build.0 = Release|Any CPU
		{785528BA-40B9-4E32-9B0A-1EEAFFD9EF5C}.Release|x64.ActiveCfg = Release|Any CPU
		{785528BA-40B9-4E32-9B0A-1EEAFFD9EF5C}.Release|x64.Build.0 = Release|Any CPU
		{785528BA-40B9-4E32-9B0A-1EEAFFD9EF5C}.Release|x86.ActiveCfg = Release|Any CPU
		{785528BA-40B9-4E32-9B0A-1EEAFFD9EF5C}.Release|x86.Build.0 = Release|Any CPU
		{0CDA2F11-DDB7-442F-BB43-FD1C4BF9B6D7}.Debug|Any CPU.ActiveCfg = Debug|Any CPU
		{0CDA2F11-DDB7-442F-BB43-FD1C4BF9B6D7}.Debug|Any CPU.Build.0 = Debug|Any CPU
		{0CDA2F11-DDB7-442F-BB43-FD1C4BF9B6D7}.Debug|x64.ActiveCfg = Debug|Any CPU
		{0CDA2F11-DDB7-442F-BB43-FD1C4BF9B6D7}.Debug|x64.Build.0 = Debug|Any CPU
		{0CDA2F11-DDB7-442F-BB43-FD1C4BF9B6D7}.Debug|x86.ActiveCfg = Debug|Any CPU
		{0CDA2F11-DDB7-442F-BB43-FD1C4BF9B6D7}.Debug|x86.Build.0 = Debug|Any CPU
		{0CDA2F11-DDB7-442F-BB43-FD1C4BF9B6D7}.Release|Any CPU.ActiveCfg = Release|Any CPU
		{0CDA2F11-DDB7-442F-BB43-FD1C4BF9B6D7}.Release|Any CPU.Build.0 = Release|Any CPU
		{0CDA2F11-DDB7-442F-BB43-FD1C4BF9B6D7}.Release|x64.ActiveCfg = Release|Any CPU
		{0CDA2F11-DDB7-442F-BB43-FD1C4BF9B6D7}.Release|x64.Build.0 = Release|Any CPU
		{0CDA2F11-DDB7-442F-BB43-FD1C4BF9B6D7}.Release|x86.ActiveCfg = Release|Any CPU
		{0CDA2F11-DDB7-442F-BB43-FD1C4BF9B6D7}.Release|x86.Build.0 = Release|Any CPU
	EndGlobalSection
	GlobalSection(SolutionProperties) = preSolution
		HideSolutionNode = FALSE
	EndGlobalSection
	GlobalSection(NestedProjects) = preSolution
		{7F6B89BD-1F6B-4DF1-B0B4-FA0AA0AEEF0B} = {46852E6A-D005-03A7-324D-A9CB2243133D}
		{1F393984-E2E9-4258-AB4E-1EA145EC6E70} = {46852E6A-D005-03A7-324D-A9CB2243133D}
		{14F4DFAD-B5BC-459E-B711-77DA86691D4A} = {46852E6A-D005-03A7-324D-A9CB2243133D}
		{91BF00EC-5BB4-4EDE-8BA2-1ED1DA0B0554} = {46852E6A-D005-03A7-324D-A9CB2243133D}
		{785528BA-40B9-4E32-9B0A-1EEAFFD9EF5C} = {46852E6A-D005-03A7-324D-A9CB2243133D}
		{0CDA2F11-DDB7-442F-BB43-FD1C4BF9B6D7} = {46852E6A-D005-03A7-324D-A9CB2243133D}
	EndGlobalSection
EndGlobal
